{
  "name": "@showcomposer/manager",
  "version": "0.0.1-dev.0",
  "lockfileVersion": 1,
  "requires": true,
  "dependencies": {
    "@hibas123/logging": {
      "version": "2.0.6",
      "resolved": "https://registry.npmjs.org/@hibas123/logging/-/logging-2.0.6.tgz",
      "integrity": "sha512-wQcRlBBNHTxrKDdYHmvMQcZzkTSKQG/nB4Vl98Ul36vdW6IiVycjSRF3AVfb6ZUjColnC/ZVJlLkXIMGLcSFhA==",
      "requires": {
        "@hibas123/utils": "^2.1.0"
      }
    },
    "@hibas123/nodelogging": {
      "version": "2.0.6",
      "resolved": "https://registry.npmjs.org/@hibas123/nodelogging/-/nodelogging-2.0.6.tgz",
      "integrity": "sha512-sH7g4cnvATyJxeQ1BiDpyiuIwPFdj/RlKGvZuu7vRxINuoizRsTb2E42pFCYQSlc4jSTHMd9+nu0HvpyaH/AEA==",
      "requires": {
        "@hibas123/logging": "^2.0.6",
        "@hibas123/utils": "^2.1.0"
      }
    },
    "@hibas123/utils": {
      "version": "2.1.0",
      "resolved": "https://registry.npmjs.org/@hibas123/utils/-/utils-2.1.0.tgz",
      "integrity": "sha512-rS0SMENN7ta6pv9bNmIls8lvEOHbbDQXpiDI3u3z0Vx8B43ngEmEXbu5vKBA58ekYLr1WdHH6iIiySDChoi/RQ=="
    }
  }
}
